// !$*UTF8*$!
{
	archiveVersion = 1;
	classes = {
	};
	objectVersion = 46;
	objects = {

/* Begin PBXBuildFile section */
		8BFB15661EEFC3A200725244 /* main.m in Sources */ = {isa = PBXBuildFile; fileRef = 8BFB15651EEFC3A200725244 /* main.m */; };
		8BFB15691EEFC3A200725244 /* AppDelegate.m in Sources */ = {isa = PBXBuildFile; fileRef = 8BFB15681EEFC3A200725244 /* AppDelegate.m */; };
		8BFB15711EEFC3A200725244 /* Assets.xcassets in Resources */ = {isa = PBXBuildFile; fileRef = 8BFB15701EEFC3A200725244 /* Assets.xcassets */; };
		8BFB15741EEFC3A200725244 /* LaunchScreen.storyboard in Resources */ = {isa = PBXBuildFile; fileRef = 8BFB15721EEFC3A200725244 /* LaunchScreen.storyboard */; };
		8BFB157F1EEFC3A300725244 /* OutsourcingTests.m in Sources */ = {isa = PBXBuildFile; fileRef = 8BFB157E1EEFC3A300725244 /* OutsourcingTests.m */; };
		8BFB158A1EEFC3A300725244 /* OutsourcingUITests.m in Sources */ = {isa = PBXBuildFile; fileRef = 8BFB15891EEFC3A300725244 /* OutsourcingUITests.m */; };
		8BFB15A01EEFEC6F00725244 /* MainTabBarController.m in Sources */ = {isa = PBXBuildFile; fileRef = 8BFB159F1EEFEC6F00725244 /* MainTabBarController.m */; };
		D531F341D718CD82617539FD /* libPods-Outsourcing.a in Frameworks */ = {isa = PBXBuildFile; fileRef = C50945F5B73A5D1E42B8A442 /* libPods-Outsourcing.a */; };
/* End PBXBuildFile section */

/* Begin PBXContainerItemProxy section */
		8BFB157B1EEFC3A300725244 /* PBXContainerItemProxy */ = {
			isa = PBXContainerItemProxy;
			containerPortal = 8BFB15591EEFC3A200725244 /* Project object */;
			proxyType = 1;
			remoteGlobalIDString = 8BFB15601EEFC3A200725244;
			remoteInfo = Outsourcing;
		};
		8BFB15861EEFC3A300725244 /* PBXContainerItemProxy */ = {
			isa = PBXContainerItemProxy;
			containerPortal = 8BFB15591EEFC3A200725244 /* Project object */;
			proxyType = 1;
			remoteGlobalIDString = 8BFB15601EEFC3A200725244;
			remoteInfo = Outsourcing;
		};
/* End PBXContainerItemProxy section */

/* Begin PBXFileReference section */
		048B0B41E714DF07C522C264 /* Pods-Outsourcing.debug.xcconfig */ = {isa = PBXFileReference; includeInIndex = 1; lastKnownFileType = text.xcconfig; name = "Pods-Outsourcing.debug.xcconfig"; path = "Pods/Target Support Files/Pods-Outsourcing/Pods-Outsourcing.debug.xcconfig"; sourceTree = "<group>"; };
		8BFB15611EEFC3A200725244 /* Outsourcing.app */ = {isa = PBXFileReference; explicitFileType = wrapper.application; includeInIndex = 0; path = Outsourcing.app; sourceTree = BUILT_PRODUCTS_DIR; };
		8BFB15651EEFC3A200725244 /* main.m */ = {isa = PBXFileReference; lastKnownFileType = sourcecode.c.objc; path = main.m; sourceTree = "<group>"; };
		8BFB15671EEFC3A200725244 /* AppDelegate.h */ = {isa = PBXFileReference; lastKnownFileType = sourcecode.c.h; name = AppDelegate.h; path = Outsourcing/AppDelegate.h; sourceTree = SOURCE_ROOT; };
		8BFB15681EEFC3A200725244 /* AppDelegate.m */ = {isa = PBXFileReference; lastKnownFileType = sourcecode.c.objc; name = AppDelegate.m; path = Outsourcing/AppDelegate.m; sourceTree = SOURCE_ROOT; };
		8BFB15701EEFC3A200725244 /* Assets.xcassets */ = {isa = PBXFileReference; lastKnownFileType = folder.assetcatalog; name = Assets.xcassets; path = ../Assets.xcassets; sourceTree = "<group>"; };
		8BFB15731EEFC3A200725244 /* Base */ = {isa = PBXFileReference; lastKnownFileType = file.storyboard; name = Base; path = Base.lproj/LaunchScreen.storyboard; sourceTree = "<group>"; };
		8BFB15751EEFC3A200725244 /* Info.plist */ = {isa = PBXFileReference; lastKnownFileType = text.plist.xml; name = Info.plist; path = ../Info.plist; sourceTree = "<group>"; };
		8BFB157A1EEFC3A300725244 /* OutsourcingTests.xctest */ = {isa = PBXFileReference; explicitFileType = wrapper.cfbundle; includeInIndex = 0; path = OutsourcingTests.xctest; sourceTree = BUILT_PRODUCTS_DIR; };
		8BFB157E1EEFC3A300725244 /* OutsourcingTests.m */ = {isa = PBXFileReference; lastKnownFileType = sourcecode.c.objc; path = OutsourcingTests.m; sourceTree = "<group>"; };
		8BFB15801EEFC3A300725244 /* Info.plist */ = {isa = PBXFileReference; lastKnownFileType = text.plist.xml; path = Info.plist; sourceTree = "<group>"; };
		8BFB15851EEFC3A300725244 /* OutsourcingUITests.xctest */ = {isa = PBXFileReference; explicitFileType = wrapper.cfbundle; includeInIndex = 0; path = OutsourcingUITests.xctest; sourceTree = BUILT_PRODUCTS_DIR; };
		8BFB15891EEFC3A300725244 /* OutsourcingUITests.m */ = {isa = PBXFileReference; lastKnownFileType = sourcecode.c.objc; path = OutsourcingUITests.m; sourceTree = "<group>"; };
		8BFB158B1EEFC3A300725244 /* Info.plist */ = {isa = PBXFileReference; lastKnownFileType = text.plist.xml; path = Info.plist; sourceTree = "<group>"; };
		8BFB159E1EEFEC6F00725244 /* MainTabBarController.h */ = {isa = PBXFileReference; fileEncoding = 4; lastKnownFileType = sourcecode.c.h; path = MainTabBarController.h; sourceTree = "<group>"; };
		8BFB159F1EEFEC6F00725244 /* MainTabBarController.m */ = {isa = PBXFileReference; fileEncoding = 4; lastKnownFileType = sourcecode.c.objc; path = MainTabBarController.m; sourceTree = "<group>"; };
		C50945F5B73A5D1E42B8A442 /* libPods-Outsourcing.a */ = {isa = PBXFileReference; explicitFileType = archive.ar; includeInIndex = 0; path = "libPods-Outsourcing.a"; sourceTree = BUILT_PRODUCTS_DIR; };
		E5C9C30CB2E71FFDC835D2BA /* Pods-Outsourcing.release.xcconfig */ = {isa = PBXFileReference; includeInIndex = 1; lastKnownFileType = text.xcconfig; name = "Pods-Outsourcing.release.xcconfig"; path = "Pods/Target Support Files/Pods-Outsourcing/Pods-Outsourcing.release.xcconfig"; sourceTree = "<group>"; };
/* End PBXFileReference section */

/* Begin PBXFrameworksBuildPhase section */
		8BFB155E1EEFC3A200725244 /* Frameworks */ = {
			isa = PBXFrameworksBuildPhase;
			buildActionMask = 2147483647;
			files = (
				D531F341D718CD82617539FD /* libPods-Outsourcing.a in Frameworks */,
			);
			runOnlyForDeploymentPostprocessing = 0;
		};
		8BFB15771EEFC3A300725244 /* Frameworks */ = {
			isa = PBXFrameworksBuildPhase;
			buildActionMask = 2147483647;
			files = (
			);
			runOnlyForDeploymentPostprocessing = 0;
		};
		8BFB15821EEFC3A300725244 /* Frameworks */ = {
			isa = PBXFrameworksBuildPhase;
			buildActionMask = 2147483647;
			files = (
			);
			runOnlyForDeploymentPostprocessing = 0;
		};
/* End PBXFrameworksBuildPhase section */

/* Begin PBXGroup section */
		4043D5030A6FB7E57E5EFC06 /* Frameworks */ = {
			isa = PBXGroup;
			children = (
				C50945F5B73A5D1E42B8A442 /* libPods-Outsourcing.a */,
			);
			name = Frameworks;
			sourceTree = "<group>";
		};
		8BFB15581EEFC3A200725244 = {
			isa = PBXGroup;
			children = (
				8BFB15631EEFC3A200725244 /* Outsourcing */,
				8BFB157D1EEFC3A300725244 /* OutsourcingTests */,
				8BFB15881EEFC3A300725244 /* OutsourcingUITests */,
				8BFB15621EEFC3A200725244 /* Products */,
				EA6FEC93760C496E81BCE7C4 /* Pods */,
				4043D5030A6FB7E57E5EFC06 /* Frameworks */,
			);
			sourceTree = "<group>";
		};
		8BFB15621EEFC3A200725244 /* Products */ = {
			isa = PBXGroup;
			children = (
				8BFB15611EEFC3A200725244 /* Outsourcing.app */,
				8BFB157A1EEFC3A300725244 /* OutsourcingTests.xctest */,
				8BFB15851EEFC3A300725244 /* OutsourcingUITests.xctest */,
			);
			name = Products;
			sourceTree = "<group>";
		};
		8BFB15631EEFC3A200725244 /* Outsourcing */ = {
			isa = PBXGroup;
			children = (
				8BFB159B1EEFEB9D00725244 /* AppDelegate */,
				8BFB159C1EEFEBEA00725244 /* Base */,
				8BFB159D1EEFEBEA00725244 /* Main */,
				8BFB15971EEFEB8200725244 /* controllers */,
				8BFB15981EEFEB8200725244 /* models */,
				8BFB15991EEFEB8200725244 /* views */,
			);
			path = Outsourcing;
			sourceTree = "<group>";
		};
		8BFB15641EEFC3A200725244 /* Supporting Files */ = {
			isa = PBXGroup;
			children = (
				8BFB15651EEFC3A200725244 /* main.m */,
			);
			name = "Supporting Files";
			path = ..;
			sourceTree = "<group>";
		};
		8BFB157D1EEFC3A300725244 /* OutsourcingTests */ = {
			isa = PBXGroup;
			children = (
				8BFB157E1EEFC3A300725244 /* OutsourcingTests.m */,
				8BFB15801EEFC3A300725244 /* Info.plist */,
			);
			path = OutsourcingTests;
			sourceTree = "<group>";
		};
		8BFB15881EEFC3A300725244 /* OutsourcingUITests */ = {
			isa = PBXGroup;
			children = (
				8BFB15891EEFC3A300725244 /* OutsourcingUITests.m */,
				8BFB158B1EEFC3A300725244 /* Info.plist */,
			);
			path = OutsourcingUITests;
			sourceTree = "<group>";
		};
		8BFB15971EEFEB8200725244 /* controllers */ = {
			isa = PBXGroup;
			children = (
			);
			path = controllers;
			sourceTree = "<group>";
		};
		8BFB15981EEFEB8200725244 /* models */ = {
			isa = PBXGroup;
			children = (
			);
			path = models;
			sourceTree = "<group>";
		};
		8BFB15991EEFEB8200725244 /* views */ = {
			isa = PBXGroup;
			children = (
				8BFB159A1EEFEB8200725244 /* 未命名文件夹 */,
			);
			path = views;
			sourceTree = "<group>";
		};
		8BFB159A1EEFEB8200725244 /* 未命名文件夹 */ = {
			isa = PBXGroup;
			children = (
			);
			path = "未命名文件夹";
			sourceTree = "<group>";
		};
		8BFB159B1EEFEB9D00725244 /* AppDelegate */ = {
			isa = PBXGroup;
			children = (
				8BFB15641EEFC3A200725244 /* Supporting Files */,
				8BFB15671EEFC3A200725244 /* AppDelegate.h */,
				8BFB15681EEFC3A200725244 /* AppDelegate.m */,
				8BFB15701EEFC3A200725244 /* Assets.xcassets */,
				8BFB15721EEFC3A200725244 /* LaunchScreen.storyboard */,
				8BFB15751EEFC3A200725244 /* Info.plist */,
			);
			path = AppDelegate;
			sourceTree = "<group>";
		};
		8BFB159C1EEFEBEA00725244 /* Base */ = {
			isa = PBXGroup;
			children = (
			);
			path = Base;
			sourceTree = "<group>";
		};
		8BFB159D1EEFEBEA00725244 /* Main */ = {
			isa = PBXGroup;
			children = (
				8BFB159E1EEFEC6F00725244 /* MainTabBarController.h */,
				8BFB159F1EEFEC6F00725244 /* MainTabBarController.m */,
			);
			path = Main;
			sourceTree = "<group>";
		};
		EA6FEC93760C496E81BCE7C4 /* Pods */ = {
			isa = PBXGroup;
			children = (
				048B0B41E714DF07C522C264 /* Pods-Outsourcing.debug.xcconfig */,
				E5C9C30CB2E71FFDC835D2BA /* Pods-Outsourcing.release.xcconfig */,
			);
			name = Pods;
			sourceTree = "<group>";
		};
/* End PBXGroup section */

/* Begin PBXNativeTarget section */
		8BFB15601EEFC3A200725244 /* Outsourcing */ = {
			isa = PBXNativeTarget;
			buildConfigurationList = 8BFB158E1EEFC3A300725244 /* Build configuration list for PBXNativeTarget "Outsourcing" */;
			buildPhases = (
				881A9B757EE9DE288677D4CC /* [CP] Check Pods Manifest.lock */,
				8BFB155D1EEFC3A200725244 /* Sources */,
				8BFB155E1EEFC3A200725244 /* Frameworks */,
				8BFB155F1EEFC3A200725244 /* Resources */,
				F4B104037CEF8964B7A40F9D /* [CP] Embed Pods Frameworks */,
				DEE12C6736C9E70F09AAE0F3 /* [CP] Copy Pods Resources */,
			);
			buildRules = (
			);
			dependencies = (
			);
			name = Outsourcing;
			productName = Outsourcing;
			productReference = 8BFB15611EEFC3A200725244 /* Outsourcing.app */;
			productType = "com.apple.product-type.application";
		};
		8BFB15791EEFC3A300725244 /* OutsourcingTests */ = {
			isa = PBXNativeTarget;
			buildConfigurationList = 8BFB15911EEFC3A300725244 /* Build configuration list for PBXNativeTarget "OutsourcingTests" */;
			buildPhases = (
				8BFB15761EEFC3A300725244 /* Sources */,
				8BFB15771EEFC3A300725244 /* Frameworks */,
				8BFB15781EEFC3A300725244 /* Resources */,
			);
			buildRules = (
			);
			dependencies = (
				8BFB157C1EEFC3A300725244 /* PBXTargetDependency */,
			);
			name = OutsourcingTests;
			productName = OutsourcingTests;
			productReference = 8BFB157A1EEFC3A300725244 /* OutsourcingTests.xctest */;
			productType = "com.apple.product-type.bundle.unit-test";
		};
		8BFB15841EEFC3A300725244 /* OutsourcingUITests */ = {
			isa = PBXNativeTarget;
			buildConfigurationList = 8BFB15941EEFC3A300725244 /* Build configuration list for PBXNativeTarget "OutsourcingUITests" */;
			buildPhases = (
				8BFB15811EEFC3A300725244 /* Sources */,
				8BFB15821EEFC3A300725244 /* Frameworks */,
				8BFB15831EEFC3A300725244 /* Resources */,
			);
			buildRules = (
			);
			dependencies = (
				8BFB15871EEFC3A300725244 /* PBXTargetDependency */,
			);
			name = OutsourcingUITests;
			productName = OutsourcingUITests;
			productReference = 8BFB15851EEFC3A300725244 /* OutsourcingUITests.xctest */;
			productType = "com.apple.product-type.bundle.ui-testing";
		};
/* End PBXNativeTarget section */

/* Begin PBXProject section */
		8BFB15591EEFC3A200725244 /* Project object */ = {
			isa = PBXProject;
			attributes = {
				LastUpgradeCheck = 0830;
				ORGANIZATIONNAME = "李文华";
				TargetAttributes = {
					8BFB15601EEFC3A200725244 = {
						CreatedOnToolsVersion = 8.3.2;
						DevelopmentTeam = 55VDPW57K7;
						ProvisioningStyle = Automatic;
					};
					8BFB15791EEFC3A300725244 = {
						CreatedOnToolsVersion = 8.3.2;
						DevelopmentTeam = 55VDPW57K7;
						ProvisioningStyle = Automatic;
						TestTargetID = 8BFB15601EEFC3A200725244;
					};
					8BFB15841EEFC3A300725244 = {
						CreatedOnToolsVersion = 8.3.2;
						DevelopmentTeam = 55VDPW57K7;
						ProvisioningStyle = Automatic;
						TestTargetID = 8BFB15601EEFC3A200725244;
					};
				};
			};
			buildConfigurationList = 8BFB155C1EEFC3A200725244 /* Build configuration list for PBXProject "Outsourcing" */;
			compatibilityVersion = "Xcode 3.2";
			developmentRegion = English;
			hasScannedForEncodings = 0;
			knownRegions = (
				en,
				Base,
			);
			mainGroup = 8BFB15581EEFC3A200725244;
			productRefGroup = 8BFB15621EEFC3A200725244 /* Products */;
			projectDirPath = "";
			projectRoot = "";
			targets = (
				8BFB15601EEFC3A200725244 /* Outsourcing */,
				8BFB15791EEFC3A300725244 /* OutsourcingTests */,
				8BFB15841EEFC3A300725244 /* OutsourcingUITests */,
			);
		};
/* End PBXProject section */

/* Begin PBXResourcesBuildPhase section */
		8BFB155F1EEFC3A200725244 /* Resources */ = {
			isa = PBXResourcesBuildPhase;
			buildActionMask = 2147483647;
			files = (
				8BFB15741EEFC3A200725244 /* LaunchScreen.storyboard in Resources */,
				8BFB15711EEFC3A200725244 /* Assets.xcassets in Resources */,
			);
			runOnlyForDeploymentPostprocessing = 0;
		};
		8BFB15781EEFC3A300725244 /* Resources */ = {
			isa = PBXResourcesBuildPhase;
			buildActionMask = 2147483647;
			files = (
			);
			runOnlyForDeploymentPostprocessing = 0;
		};
		8BFB15831EEFC3A300725244 /* Resources */ = {
			isa = PBXResourcesBuildPhase;
			buildActionMask = 2147483647;
			files = (
			);
			runOnlyForDeploymentPostprocessing = 0;
		};
/* End PBXResourcesBuildPhase section */

/* Begin PBXShellScriptBuildPhase section */
		881A9B757EE9DE288677D4CC /* [CP] Check Pods Manifest.lock */ = {
			isa = PBXShellScriptBuildPhase;
			buildActionMask = 2147483647;
			files = (
			);
			inputPaths = (
			);
			name = "[CP] Check Pods Manifest.lock";
			outputPaths = (
			);
			runOnlyForDeploymentPostprocessing = 0;
			shellPath = /bin/sh;
			shellScript = "diff \"${PODS_ROOT}/../Podfile.lock\" \"${PODS_ROOT}/Manifest.lock\" > /dev/null\nif [ $? != 0 ] ; then\n    # print error to STDERR\n    echo \"error: The sandbox is not in sync with the Podfile.lock. Run 'pod install' or update your CocoaPods installation.\" >&2\n    exit 1\nfi\n";
			showEnvVarsInLog = 0;
		};
		DEE12C6736C9E70F09AAE0F3 /* [CP] Copy Pods Resources */ = {
			isa = PBXShellScriptBuildPhase;
			buildActionMask = 2147483647;
			files = (
			);
			inputPaths = (
			);
			name = "[CP] Copy Pods Resources";
			outputPaths = (
			);
			runOnlyForDeploymentPostprocessing = 0;
			shellPath = /bin/sh;
			shellScript = "\"${SRCROOT}/Pods/Target Support Files/Pods-Outsourcing/Pods-Outsourcing-resources.sh\"\n";
			showEnvVarsInLog = 0;
		};
		F4B104037CEF8964B7A40F9D /* [CP] Embed Pods Frameworks */ = {
			isa = PBXShellScriptBuildPhase;
			buildActionMask = 2147483647;
			files = (
			);
			inputPaths = (
			);
			name = "[CP] Embed Pods Frameworks";
			outputPaths = (
			);
			runOnlyForDeploymentPostprocessing = 0;
			shellPath = /bin/sh;
			shellScript = "\"${SRCROOT}/Pods/Target Support Files/Pods-Outsourcing/Pods-Outsourcing-frameworks.sh\"\n";
			showEnvVarsInLog = 0;
		};
/* End PBXShellScriptBuildPhase section */

/* Begin PBXSourcesBuildPhase section */
		8BFB155D1EEFC3A200725244 /* Sources */ = {
			isa = PBXSourcesBuildPhase;
			buildActionMask = 2147483647;
			files = (
				8BFB15691EEFC3A200725244 /* AppDelegate.m in Sources */,
				8BFB15661EEFC3A200725244 /* main.m in Sources */,
				8BFB15A01EEFEC6F00725244 /* MainTabBarController.m in Sources */,
			);
			runOnlyForDeploymentPostprocessing = 0;
		};
		8BFB15761EEFC3A300725244 /* Sources */ = {
			isa = PBXSourcesBuildPhase;
			buildActionMask = 2147483647;
			files = (
				8BFB157F1EEFC3A300725244 /* OutsourcingTests.m in Sources */,
			);
			runOnlyForDeploymentPostprocessing = 0;
		};
		8BFB15811EEFC3A300725244 /* Sources */ = {
			isa = PBXSourcesBuildPhase;
			buildActionMask = 2147483647;
			files = (
				8BFB158A1EEFC3A300725244 /* OutsourcingUITests.m in Sources */,
			);
			runOnlyForDeploymentPostprocessing = 0;
		};
/* End PBXSourcesBuildPhase section */

/* Begin PBXTargetDependency section */
		8BFB157C1EEFC3A300725244 /* PBXTargetDependency */ = {
			isa = PBXTargetDependency;
			target = 8BFB15601EEFC3A200725244 /* Outsourcing */;
			targetProxy = 8BFB157B1EEFC3A300725244 /* PBXContainerItemProxy */;
		};
		8BFB15871EEFC3A300725244 /* PBXTargetDependency */ = {
			isa = PBXTargetDependency;
			target = 8BFB15601EEFC3A200725244 /* Outsourcing */;
			targetProxy = 8BFB15861EEFC3A300725244 /* PBXContainerItemProxy */;
		};
/* End PBXTargetDependency section */

/* Begin PBXVariantGroup section */
		8BFB15721EEFC3A200725244 /* LaunchScreen.storyboard */ = {
			isa = PBXVariantGroup;
			children = (
				8BFB15731EEFC3A200725244 /* Base */,
			);
			name = LaunchScreen.storyboard;
			path = ..;
			sourceTree = "<group>";
		};
/* End PBXVariantGroup section */

/* Begin XCBuildConfiguration section */
		8BFB158C1EEFC3A300725244 /* Debug */ = {
			isa = XCBuildConfiguration;
			buildSettings = {
				ALWAYS_SEARCH_USER_PATHS = NO;
				CLANG_ANALYZER_NONNULL = YES;
				CLANG_ANALYZER_NUMBER_OBJECT_CONVERSION = YES_AGGRESSIVE;
				CLANG_CXX_LANGUAGE_STANDARD = "gnu++0x";
				CLANG_CXX_LIBRARY = "libc++";
				CLANG_ENABLE_MODULES = YES;
				CLANG_ENABLE_OBJC_ARC = YES;
				CLANG_WARN_BOOL_CONVERSION = YES;
				CLANG_WARN_CONSTANT_CONVERSION = YES;
				CLANG_WARN_DIRECT_OBJC_ISA_USAGE = YES_ERROR;
				CLANG_WARN_DOCUMENTATION_COMMENTS = YES;
				CLANG_WARN_EMPTY_BODY = YES;
				CLANG_WARN_ENUM_CONVERSION = YES;
				CLANG_WARN_INFINITE_RECURSION = YES;
				CLANG_WARN_INT_CONVERSION = YES;
				CLANG_WARN_OBJC_ROOT_CLASS = YES_ERROR;
				CLANG_WARN_SUSPICIOUS_MOVE = YES;
				CLANG_WARN_UNREACHABLE_CODE = YES;
				CLANG_WARN__DUPLICATE_METHOD_MATCH = YES;
				"CODE_SIGN_IDENTITY[sdk=iphoneos*]" = "iPhone Developer";
				COPY_PHASE_STRIP = NO;
				DEBUG_INFORMATION_FORMAT = dwarf;
				ENABLE_STRICT_OBJC_MSGSEND = YES;
				ENABLE_TESTABILITY = YES;
				GCC_C_LANGUAGE_STANDARD = gnu99;
				GCC_DYNAMIC_NO_PIC = NO;
				GCC_NO_COMMON_BLOCKS = YES;
				GCC_OPTIMIZATION_LEVEL = 0;
				GCC_PREPROCESSOR_DEFINITIONS = (
					"DEBUG=1",
					"$(inherited)",
				);
				GCC_WARN_64_TO_32_BIT_CONVERSION = YES;
				GCC_WARN_ABOUT_RETURN_TYPE = YES_ERROR;
				GCC_WARN_UNDECLARED_SELECTOR = YES;
				GCC_WARN_UNINITIALIZED_AUTOS = YES_AGGRESSIVE;
				GCC_WARN_UNUSED_FUNCTION = YES;
				GCC_WARN_UNUSED_VARIABLE = YES;
				IPHONEOS_DEPLOYMENT_TARGET = 10.3;
				MTL_ENABLE_DEBUG_INFO = YES;
				ONLY_ACTIVE_ARCH = YES;
				SDKROOT = iphoneos;
			};
			name = Debug;
		};
		8BFB158D1EEFC3A300725244 /* Release */ = {
			isa = XCBuildConfiguration;
			buildSettings = {
				ALWAYS_SEARCH_USER_PATHS = NO;
				CLANG_ANALYZER_NONNULL = YES;
				CLANG_ANALYZER_NUMBER_OBJECT_CONVERSION = YES_AGGRESSIVE;
				CLANG_CXX_LANGUAGE_STANDARD = "gnu++0x";
				CLANG_CXX_LIBRARY = "libc++";
				CLANG_ENABLE_MODULES = YES;
				CLANG_ENABLE_OBJC_ARC = YES;
				CLANG_WARN_BOOL_CONVERSION = YES;
				CLANG_WARN_CONSTANT_CONVERSION = YES;
				CLANG_WARN_DIRECT_OBJC_ISA_USAGE = YES_ERROR;
				CLANG_WARN_DOCUMENTATION_COMMENTS = YES;
				CLANG_WARN_EMPTY_BODY = YES;
				CLANG_WARN_ENUM_CONVERSION = YES;
				CLANG_WARN_INFINITE_RECURSION = YES;
				CLANG_WARN_INT_CONVERSION = YES;
				CLANG_WARN_OBJC_ROOT_CLASS = YES_ERROR;
				CLANG_WARN_SUSPICIOUS_MOVE = YES;
				CLANG_WARN_UNREACHABLE_CODE = YES;
				CLANG_WARN__DUPLICATE_METHOD_MATCH = YES;
				"CODE_SIGN_IDENTITY[sdk=iphoneos*]" = "iPhone Developer";
				COPY_PHASE_STRIP = NO;
				DEBUG_INFORMATION_FORMAT = "dwarf-with-dsym";
				ENABLE_NS_ASSERTIONS = NO;
				ENABLE_STRICT_OBJC_MSGSEND = YES;
				GCC_C_LANGUAGE_STANDARD = gnu99;
				GCC_NO_COMMON_BLOCKS = YES;
				GCC_WARN_64_TO_32_BIT_CONVERSION = YES;
				GCC_WARN_ABOUT_RETURN_TYPE = YES_ERROR;
				GCC_WARN_UNDECLARED_SELECTOR = YES;
				GCC_WARN_UNINITIALIZED_AUTOS = YES_AGGRESSIVE;
				GCC_WARN_UNUSED_FUNCTION = YES;
				GCC_WARN_UNUSED_VARIABLE = YES;
				IPHONEOS_DEPLOYMENT_TARGET = 10.3;
				MTL_ENABLE_DEBUG_INFO = NO;
				SDKROOT = iphoneos;
				VALIDATE_PRODUCT = YES;
			};
			name = Release;
		};
		8BFB158F1EEFC3A300725244 /* Debug */ = {
			isa = XCBuildConfiguration;
			baseConfigurationReference = 048B0B41E714DF07C522C264 /* Pods-Outsourcing.debug.xcconfig */;
			buildSettings = {
				ASSETCATALOG_COMPILER_APPICON_NAME = AppIcon;
				DEVELOPMENT_TEAM = 55VDPW57K7;
				INFOPLIST_FILE = Outsourcing/Info.plist;
				IPHONEOS_DEPLOYMENT_TARGET = 8.0;
				LD_RUNPATH_SEARCH_PATHS = "$(inherited) @executable_path/Frameworks";
				PRODUCT_BUNDLE_IDENTIFIER = cn.liwenhua.public.Outsourcing;
				PRODUCT_NAME = "$(TARGET_NAME)";
			};
			name = Debug;
		};
		8BFB15901EEFC3A300725244 /* Release */ = {
			isa = XCBuildConfiguration;
			baseConfigurationReference = E5C9C30CB2E71FFDC835D2BA /* Pods-Outsourcing.release.xcconfig */;
			buildSettings = {
				ASSETCATALOG_COMPILER_APPICON_NAME = AppIcon;
				DEVELOPMENT_TEAM = 55VDPW57K7;
				INFOPLIST_FILE = Outsourcing/Info.plist;
				IPHONEOS_DEPLOYMENT_TARGET = 8.0;
				LD_RUNPATH_SEARCH_PATHS = "$(inherited) @executable_path/Frameworks";
				PRODUCT_BUNDLE_IDENTIFIER = cn.liwenhua.public.Outsourcing;
				PRODUCT_NAME = "$(TARGET_NAME)";
			};
			name = Release;
		};
		8BFB15921EEFC3A300725244 /* Debug */ = {
			isa = XCBuildConfiguration;
			buildSettings = {
				BUNDLE_LOADER = "$(TEST_HOST)";
				DEVELOPMENT_TEAM = 55VDPW57K7;
				INFOPLIST_FILE = OutsourcingTests/Info.plist;
				LD_RUNPATH_SEARCH_PATHS = "$(inherited) @executable_path/Frameworks @loader_path/Frameworks";
				PRODUCT_BUNDLE_IDENTIFIER = cn.liwenhua.public.OutsourcingTests;
				PRODUCT_NAME = "$(TARGET_NAME)";
				TEST_HOST = "$(BUILT_PRODUCTS_DIR)/Outsourcing.app/Outsourcing";
			};
			name = Debug;
		};
		8BFB15931EEFC3A300725244 /* Release */ = {
			isa = XCBuildConfiguration;
			buildSettings = {
				BUNDLE_LOADER = "$(TEST_HOST)";
				DEVELOPMENT_TEAM = 55VDPW57K7;
				INFOPLIST_FILE = OutsourcingTests/Info.plist;
				LD_RUNPATH_SEARCH_PATHS = "$(inherited) @executable_path/Frameworks @loader_path/Frameworks";
				PRODUCT_BUNDLE_IDENTIFIER = cn.liwenhua.public.OutsourcingTests;
				PRODUCT_NAME = "$(TARGET_NAME)";
				TEST_HOST = "$(BUILT_PRODUCTS_DIR)/Outsourcing.app/Outsourcing";
			};
			name = Release;
		};
		8BFB15951EEFC3A300725244 /* Debug */ = {
			isa = XCBuildConfiguration;
			buildSettings = {
				DEVELOPMENT_TEAM = 55VDPW57K7;
				INFOPLIST_FILE = OutsourcingUITests/Info.plist;
				LD_RUNPATH_SEARCH_PATHS = "$(inherited) @executable_path/Frameworks @loader_path/Frameworks";
				PRODUCT_BUNDLE_IDENTIFIER = cn.liwenhua.public.OutsourcingUITests;
				PRODUCT_NAME = "$(TARGET_NAME)";
				TEST_TARGET_NAME = Outsourcing;
			};
			name = Debug;
		};
		8BFB15961EEFC3A300725244 /* Release */ = {
			isa = XCBuildConfiguration;
			buildSettings = {
				DEVELOPMENT_TEAM = 55VDPW57K7;
				INFOPLIST_FILE = OutsourcingUITests/Info.plist;
				LD_RUNPATH_SEARCH_PATHS = "$(inherited) @executable_path/Frameworks @loader_path/Frameworks";
				PRODUCT_BUNDLE_IDENTIFIER = cn.liwenhua.public.OutsourcingUITests;
				PRODUCT_NAME = "$(TARGET_NAME)";
				TEST_TARGET_NAME = Outsourcing;
			};
			name = Release;
		};
/* End XCBuildConfiguration section */

/* Begin XCConfigurationList section */
		8BFB155C1EEFC3A200725244 /* Build configuration list for PBXProject "Outsourcing" */ = {
			isa = XCConfigurationList;
			buildConfigurations = (
				8BFB158C1EEFC3A300725244 /* Debug */,
				8BFB158D1EEFC3A300725244 /* Release */,
			);
			defaultConfigurationIsVisible = 0;
			defaultConfigurationName = Release;
		};
		8BFB158E1EEFC3A300725244 /* Build configuration list for PBXNativeTarget "Outsourcing" */ = {
			isa = XCConfigurationList;
			buildConfigurations = (
				8BFB158F1EEFC3A300725244 /* Debug */,
				8BFB15901EEFC3A300725244 /* Release */,
			);
			defaultConfigurationIsVisible = 0;
			defaultConfigurationName = Release;
		};
		8BFB15911EEFC3A300725244 /* Build configuration list for PBXNativeTarget "OutsourcingTests" */ = {
			isa = XCConfigurationList;
			buildConfigurations = (
				8BFB15921EEFC3A300725244 /* Debug */,
				8BFB15931EEFC3A300725244 /* Release */,
			);
			defaultConfigurationIsVisible = 0;
			defaultConfigurationName = Release;
		};
		8BFB15941EEFC3A300725244 /* Build configuration list for PBXNativeTarget "OutsourcingUITests" */ = {
			isa = XCConfigurationList;
			buildConfigurations = (
				8BFB15951EEFC3A300725244 /* Debug */,
				8BFB15961EEFC3A300725244 /* Release */,
			);
			defaultConfigurationIsVisible = 0;
			defaultConfigurationName = Release;
		};
/* End XCConfigurationList section */
	};
	rootObject = 8BFB15591EEFC3A200725244 /* Project object */;
}
